// !$*UTF8*$!
{
	archiveVersion = 1;
	classes = {
	};
	objectVersion = 48;
	objects = {

/* Begin PBXBuildFile section */
		48A230921FA72E9D00C9E132 /* GoalType.swift in Sources */ = {isa = PBXBuildFile; fileRef = 48A230911FA72E9D00C9E132 /* GoalType.swift */; };
		48A230941FA73D3700C9E132 /* CreateGoalVC.swift in Sources */ = {isa = PBXBuildFile; fileRef = 48A230931FA73D3700C9E132 /* CreateGoalVC.swift */; };
		48BBC6E71FA5A3F7005963C3 /* AppDelegate.swift in Sources */ = {isa = PBXBuildFile; fileRef = 48BBC6E61FA5A3F7005963C3 /* AppDelegate.swift */; };
		48BBC6E91FA5A3F7005963C3 /* GoalsVC.swift in Sources */ = {isa = PBXBuildFile; fileRef = 48BBC6E81FA5A3F7005963C3 /* GoalsVC.swift */; };
		48BBC6EC1FA5A3F7005963C3 /* Main.storyboard in Resources */ = {isa = PBXBuildFile; fileRef = 48BBC6EA1FA5A3F7005963C3 /* Main.storyboard */; };
		48BBC6EF1FA5A3F7005963C3 /* GoalPost.xcdatamodeld in Sources */ = {isa = PBXBuildFile; fileRef = 48BBC6ED1FA5A3F7005963C3 /* GoalPost.xcdatamodeld */; };
		48BBC6F11FA5A3F7005963C3 /* Assets.xcassets in Resources */ = {isa = PBXBuildFile; fileRef = 48BBC6F01FA5A3F7005963C3 /* Assets.xcassets */; };
		48BBC6F41FA5A3F7005963C3 /* LaunchScreen.storyboard in Resources */ = {isa = PBXBuildFile; fileRef = 48BBC6F21FA5A3F7005963C3 /* LaunchScreen.storyboard */; };
		48F928171FA5CE860037FCE2 /* GoalCell.swift in Sources */ = {isa = PBXBuildFile; fileRef = 48F928161FA5CE860037FCE2 /* GoalCell.swift */; };
/* End PBXBuildFile section */

/* Begin PBXFileReference section */
		48A230911FA72E9D00C9E132 /* GoalType.swift */ = {isa = PBXFileReference; lastKnownFileType = sourcecode.swift; path = GoalType.swift; sourceTree = "<group>"; };
		48A230931FA73D3700C9E132 /* CreateGoalVC.swift */ = {isa = PBXFileReference; lastKnownFileType = sourcecode.swift; path = CreateGoalVC.swift; sourceTree = "<group>"; };
		48BBC6E31FA5A3F7005963C3 /* GoalPost.app */ = {isa = PBXFileReference; explicitFileType = wrapper.application; includeInIndex = 0; path = GoalPost.app; sourceTree = BUILT_PRODUCTS_DIR; };
		48BBC6E61FA5A3F7005963C3 /* AppDelegate.swift */ = {isa = PBXFileReference; lastKnownFileType = sourcecode.swift; path = AppDelegate.swift; sourceTree = "<group>"; };
		48BBC6E81FA5A3F7005963C3 /* GoalsVC.swift */ = {isa = PBXFileReference; lastKnownFileType = sourcecode.swift; path = GoalsVC.swift; sourceTree = "<group>"; };
		48BBC6EB1FA5A3F7005963C3 /* Base */ = {isa = PBXFileReference; lastKnownFileType = file.storyboard; name = Base; path = Base.lproj/Main.storyboard; sourceTree = "<group>"; };
		48BBC6EE1FA5A3F7005963C3 /* GoalPost.xcdatamodel */ = {isa = PBXFileReference; lastKnownFileType = wrapper.xcdatamodel; path = GoalPost.xcdatamodel; sourceTree = "<group>"; };
		48BBC6F01FA5A3F7005963C3 /* Assets.xcassets */ = {isa = PBXFileReference; lastKnownFileType = folder.assetcatalog; path = Assets.xcassets; sourceTree = "<group>"; };
		48BBC6F31FA5A3F7005963C3 /* Base */ = {isa = PBXFileReference; lastKnownFileType = file.storyboard; name = Base; path = Base.lproj/LaunchScreen.storyboard; sourceTree = "<group>"; };
		48BBC6F51FA5A3F7005963C3 /* Info.plist */ = {isa = PBXFileReference; lastKnownFileType = text.plist.xml; path = Info.plist; sourceTree = "<group>"; };
		48F928161FA5CE860037FCE2 /* GoalCell.swift */ = {isa = PBXFileReference; lastKnownFileType = sourcecode.swift; path = GoalCell.swift; sourceTree = "<group>"; };
/* End PBXFileReference section */

/* Begin PBXFrameworksBuildPhase section */
		48BBC6E01FA5A3F7005963C3 /* Frameworks */ = {
			isa = PBXFrameworksBuildPhase;
			buildActionMask = 2147483647;
			files = (
			);
			runOnlyForDeploymentPostprocessing = 0;
		};
/* End PBXFrameworksBuildPhase section */

/* Begin PBXGroup section */
		48BBC6DA1FA5A3F7005963C3 = {
			isa = PBXGroup;
			children = (
				48BBC6E51FA5A3F7005963C3 /* GoalPost */,
				48BBC6E41FA5A3F7005963C3 /* Products */,
			);
			sourceTree = "<group>";
		};
		48BBC6E41FA5A3F7005963C3 /* Products */ = {
			isa = PBXGroup;
			children = (
				48BBC6E31FA5A3F7005963C3 /* GoalPost.app */,
			);
			name = Products;
			sourceTree = "<group>";
		};
		48BBC6E51FA5A3F7005963C3 /* GoalPost */ = {
			isa = PBXGroup;
			children = (
				48BBC6FE1FA5A477005963C3 /* Extensions */,
				48BBC6FD1FA5A46F005963C3 /* Enums */,
				48BBC6FC1FA5A45B005963C3 /* View */,
				48BBC6FB1FA5A433005963C3 /* Controller */,
				48BBC6E61FA5A3F7005963C3 /* AppDelegate.swift */,
				48BBC6EA1FA5A3F7005963C3 /* Main.storyboard */,
				48BBC6F01FA5A3F7005963C3 /* Assets.xcassets */,
				48BBC6F21FA5A3F7005963C3 /* LaunchScreen.storyboard */,
				48BBC6F51FA5A3F7005963C3 /* Info.plist */,
				48BBC6ED1FA5A3F7005963C3 /* GoalPost.xcdatamodeld */,
			);
			path = GoalPost;
			sourceTree = "<group>";
		};
		48BBC6FB1FA5A433005963C3 /* Controller */ = {
			isa = PBXGroup;
			children = (
				48BBC6E81FA5A3F7005963C3 /* GoalsVC.swift */,
				48A230931FA73D3700C9E132 /* CreateGoalVC.swift */,
			);
			path = Controller;
			sourceTree = "<group>";
		};
		48BBC6FC1FA5A45B005963C3 /* View */ = {
			isa = PBXGroup;
			children = (
				48F928161FA5CE860037FCE2 /* GoalCell.swift */,
			);
			path = View;
			sourceTree = "<group>";
		};
		48BBC6FD1FA5A46F005963C3 /* Enums */ = {
			isa = PBXGroup;
			children = (
				48A230911FA72E9D00C9E132 /* GoalType.swift */,
			);
			path = Enums;
			sourceTree = "<group>";
		};
		48BBC6FE1FA5A477005963C3 /* Extensions */ = {
			isa = PBXGroup;
			children = (
			);
			path = Extensions;
			sourceTree = "<group>";
		};
/* End PBXGroup section */

/* Begin PBXNativeTarget section */
		48BBC6E21FA5A3F7005963C3 /* GoalPost */ = {
			isa = PBXNativeTarget;
			buildConfigurationList = 48BBC6F81FA5A3F7005963C3 /* Build configuration list for PBXNativeTarget "GoalPost" */;
			buildPhases = (
				48BBC6DF1FA5A3F7005963C3 /* Sources */,
				48BBC6E01FA5A3F7005963C3 /* Frameworks */,
				48BBC6E11FA5A3F7005963C3 /* Resources */,
			);
			buildRules = (
			);
			dependencies = (
			);
			name = GoalPost;
			productName = GoalPost;
			productReference = 48BBC6E31FA5A3F7005963C3 /* GoalPost.app */;
			productType = "com.apple.product-type.application";
		};
/* End PBXNativeTarget section */

/* Begin PBXProject section */
		48BBC6DB1FA5A3F7005963C3 /* Project object */ = {
			isa = PBXProject;
			attributes = {
				LastSwiftUpdateCheck = 0900;
				LastUpgradeCheck = 0900;
				ORGANIZATIONNAME = ViXette;
				TargetAttributes = {
					48BBC6E21FA5A3F7005963C3 = {
						CreatedOnToolsVersion = 9.0.1;
						ProvisioningStyle = Automatic;
					};
				};
			};
			buildConfigurationList = 48BBC6DE1FA5A3F7005963C3 /* Build configuration list for PBXProject "GoalPost" */;
			compatibilityVersion = "Xcode 8.0";
			developmentRegion = en;
			hasScannedForEncodings = 0;
			knownRegions = (
				en,
				Base,
			);
			mainGroup = 48BBC6DA1FA5A3F7005963C3;
			productRefGroup = 48BBC6E41FA5A3F7005963C3 /* Products */;
			projectDirPath = "";
			projectRoot = "";
			targets = (
				48BBC6E21FA5A3F7005963C3 /* GoalPost */,
			);
		};
/* End PBXProject section */

/* Begin PBXResourcesBuildPhase section */
		48BBC6E11FA5A3F7005963C3 /* Resources */ = {
			isa = PBXResourcesBuildPhase;
			buildActionMask = 2147483647;
			files = (
				48BBC6F41FA5A3F7005963C3 /* LaunchScreen.storyboard in Resources */,
				48BBC6F11FA5A3F7005963C3 /* Assets.xcassets in Resources */,
				48BBC6EC1FA5A3F7005963C3 /* Main.storyboard in Resources */,
			);
			runOnlyForDeploymentPostprocessing = 0;
		};
/* End PBXResourcesBuildPhase section */

/* Begin PBXSourcesBuildPhase section */
		48BBC6DF1FA5A3F7005963C3 /* Sources */ = {
			isa = PBXSourcesBuildPhase;
			buildActionMask = 2147483647;
			files = (
				48F928171FA5CE860037FCE2 /* GoalCell.swift in Sources */,
				48A230941FA73D3700C9E132 /* CreateGoalVC.swift in Sources */,
				48A230921FA72E9D00C9E132 /* GoalType.swift in Sources */,
				48BBC6E91FA5A3F7005963C3 /* GoalsVC.swift in Sources */,
				48BBC6E71FA5A3F7005963C3 /* AppDelegate.swift in Sources */,
				48BBC6EF1FA5A3F7005963C3 /* GoalPost.xcdatamodeld in Sources */,
			);
			runOnlyForDeploymentPostprocessing = 0;
		};
/* End PBXSourcesBuildPhase section */

/* Begin PBXVariantGroup section */
		48BBC6EA1FA5A3F7005963C3 /* Main.storyboard */ = {
			isa = PBXVariantGroup;
			children = (
				48BBC6EB1FA5A3F7005963C3 /* Base */,
			);
			name = Main.storyboard;
			sourceTree = "<group>";
		};
		48BBC6F21FA5A3F7005963C3 /* LaunchScreen.storyboard */ = {
			isa = PBXVariantGroup;
			children = (
				48BBC6F31FA5A3F7005963C3 /* Base */,
			);
			name = LaunchScreen.storyboard;
			sourceTree = "<group>";
		};
/* End PBXVariantGroup section */

/* Begin XCBuildConfiguration section */
		48BBC6F61FA5A3F7005963C3 /* Debug */ = {
			isa = XCBuildConfiguration;
			buildSettings = {
				ALWAYS_SEARCH_USER_PATHS = NO;
				CLANG_ANALYZER_NONNULL = YES;
				CLANG_ANALYZER_NUMBER_OBJECT_CONVERSION = YES_AGGRESSIVE;
				CLANG_CXX_LANGUAGE_STANDARD = "gnu++14";
				CLANG_CXX_LIBRARY = "libc++";
				CLANG_ENABLE_MODULES = YES;
				CLANG_ENABLE_OBJC_ARC = YES;
				CLANG_WARN_BLOCK_CAPTURE_AUTORELEASING = YES;
				CLANG_WARN_BOOL_CONVERSION = YES;
				CLANG_WARN_COMMA = YES;
				CLANG_WARN_CONSTANT_CONVERSION = YES;
				CLANG_WARN_DIRECT_OBJC_ISA_USAGE = YES_ERROR;
				CLANG_WARN_DOCUMENTATION_COMMENTS = YES;
				CLANG_WARN_EMPTY_BODY = YES;
				CLANG_WARN_ENUM_CONVERSION = YES;
				CLANG_WARN_INFINITE_RECURSION = YES;
				CLANG_WARN_INT_CONVERSION = YES;
				CLANG_WARN_NON_LITERAL_NULL_CONVERSION = YES;
				CLANG_WARN_OBJC_LITERAL_CONVERSION = YES;
				CLANG_WARN_OBJC_ROOT_CLASS = YES_ERROR;
				CLANG_WARN_RANGE_LOOP_ANALYSIS = YES;
				CLANG_WARN_STRICT_PROTOTYPES = YES;
				CLANG_WARN_SUSPICIOUS_MOVE = YES;
				CLANG_WARN_UNGUARDED_AVAILABILITY = YES_AGGRESSIVE;
				CLANG_WARN_UNREACHABLE_CODE = YES;
				CLANG_WARN__DUPLICATE_METHOD_MATCH = YES;
				CODE_SIGN_IDENTITY = "iPhone Developer";
				COPY_PHASE_STRIP = NO;
				DEBUG_INFORMATION_FORMAT = dwarf;
				ENABLE_STRICT_OBJC_MSGSEND = YES;
				ENABLE_TESTABILITY = YES;
				GCC_C_LANGUAGE_STANDARD = gnu11;
				GCC_DYNAMIC_NO_PIC = NO;
				GCC_NO_COMMON_BLOCKS = YES;
				GCC_OPTIMIZATION_LEVEL = 0;
				GCC_PREPROCESSOR_DEFINITIONS = (
					"DEBUG=1",
					"$(inherited)",
				);
				GCC_WARN_64_TO_32_BIT_CONVERSION = YES;
				GCC_WARN_ABOUT_RETURN_TYPE = YES_ERROR;
				GCC_WARN_UNDECLARED_SELECTOR = YES;
				GCC_WARN_UNINITIALIZED_AUTOS = YES_AGGRESSIVE;
				GCC_WARN_UNUSED_FUNCTION = YES;
				GCC_WARN_UNUSED_VARIABLE = YES;
				IPHONEOS_DEPLOYMENT_TARGET = 11.0;
				MTL_ENABLE_DEBUG_INFO = YES;
				ONLY_ACTIVE_ARCH = YES;
				SDKROOT = iphoneos;
				SWIFT_ACTIVE_COMPILATION_CONDITIONS = DEBUG;
				SWIFT_OPTIMIZATION_LEVEL = "-Onone";
			};
			name = Debug;
		};
		48BBC6F71FA5A3F7005963C3 /* Release */ = {
			isa = XCBuildConfiguration;
			buildSettings = {
				ALWAYS_SEARCH_USER_PATHS = NO;
				CLANG_ANALYZER_NONNULL = YES;
				CLANG_ANALYZER_NUMBER_OBJECT_CONVERSION = YES_AGGRESSIVE;
				CLANG_CXX_LANGUAGE_STANDARD = "gnu++14";
				CLANG_CXX_LIBRARY = "libc++";
				CLANG_ENABLE_MODULES = YES;
				CLANG_ENABLE_OBJC_ARC = YES;
				CLANG_WARN_BLOCK_CAPTURE_AUTORELEASING = YES;
				CLANG_WARN_BOOL_CONVERSION = YES;
				CLANG_WARN_COMMA = YES;
				CLANG_WARN_CONSTANT_CONVERSION = YES;
				CLANG_WARN_DIRECT_OBJC_ISA_USAGE = YES_ERROR;
				CLANG_WARN_DOCUMENTATION_COMMENTS = YES;
				CLANG_WARN_EMPTY_BODY = YES;
				CLANG_WARN_ENUM_CONVERSION = YES;
				CLANG_WARN_INFINITE_RECURSION = YES;
				CLANG_WARN_INT_CONVERSION = YES;
				CLANG_WARN_NON_LITERAL_NULL_CONVERSION = YES;
				CLANG_WARN_OBJC_LITERAL_CONVERSION = YES;
				CLANG_WARN_OBJC_ROOT_CLASS = YES_ERROR;
				CLANG_WARN_RANGE_LOOP_ANALYSIS = YES;
				CLANG_WARN_STRICT_PROTOTYPES = YES;
				CLANG_WARN_SUSPICIOUS_MOVE = YES;
				CLANG_WARN_UNGUARDED_AVAILABILITY = YES_AGGRESSIVE;
				CLANG_WARN_UNREACHABLE_CODE = YES;
				CLANG_WARN__DUPLICATE_METHOD_MATCH = YES;
				CODE_SIGN_IDENTITY = "iPhone Developer";
				COPY_PHASE_STRIP = NO;
				DEBUG_INFORMATION_FORMAT = "dwarf-with-dsym";
				ENABLE_NS_ASSERTIONS = NO;
				ENABLE_STRICT_OBJC_MSGSEND = YES;
				GCC_C_LANGUAGE_STANDARD = gnu11;
				GCC_NO_COMMON_BLOCKS = YES;
				GCC_WARN_64_TO_32_BIT_CONVERSION = YES;
				GCC_WARN_ABOUT_RETURN_TYPE = YES_ERROR;
				GCC_WARN_UNDECLARED_SELECTOR = YES;
				GCC_WARN_UNINITIALIZED_AUTOS = YES_AGGRESSIVE;
				GCC_WARN_UNUSED_FUNCTION = YES;
				GCC_WARN_UNUSED_VARIABLE = YES;
				IPHONEOS_DEPLOYMENT_TARGET = 11.0;
				MTL_ENABLE_DEBUG_INFO = NO;
				SDKROOT = iphoneos;
				SWIFT_OPTIMIZATION_LEVEL = "-Owholemodule";
				VALIDATE_PRODUCT = YES;
			};
			name = Release;
		};
		48BBC6F91FA5A3F7005963C3 /* Debug */ = {
			isa = XCBuildConfiguration;
			buildSettings = {
				ASSETCATALOG_COMPILER_APPICON_NAME = AppIcon;
				CODE_SIGN_STYLE = Automatic;
				DEVELOPMENT_TEAM = 649KJCZ7RD;
				INFOPLIST_FILE = GoalPost/Info.plist;
				LD_RUNPATH_SEARCH_PATHS = "$(inherited) @executable_path/Frameworks";
				PRODUCT_BUNDLE_IDENTIFIER = com.vixette.GoalPost;
				PRODUCT_NAME = "$(TARGET_NAME)";
				SWIFT_VERSION = 4.0;
				TARGETED_DEVICE_FAMILY = "1,2";
			};
			name = Debug;
		};
		48BBC6FA1FA5A3F7005963C3 /* Release */ = {
			isa = XCBuildConfiguration;
			buildSettings = {
				ASSETCATALOG_COMPILER_APPICON_NAME = AppIcon;
				CODE_SIGN_STYLE = Automatic;
				DEVELOPMENT_TEAM = 649KJCZ7RD;
				INFOPLIST_FILE = GoalPost/Info.plist;
				LD_RUNPATH_SEARCH_PATHS = "$(inherited) @executable_path/Frameworks";
				PRODUCT_BUNDLE_IDENTIFIER = com.vixette.GoalPost;
				PRODUCT_NAME = "$(TARGET_NAME)";
				SWIFT_VERSION = 4.0;
				TARGETED_DEVICE_FAMILY = "1,2";
			};
			name = Release;
		};
/* End XCBuildConfiguration section */

/* Begin XCConfigurationList section */
		48BBC6DE1FA5A3F7005963C3 /* Build configuration list for PBXProject "GoalPost" */ = {
			isa = XCConfigurationList;
			buildConfigurations = (
				48BBC6F61FA5A3F7005963C3 /* Debug */,
				48BBC6F71FA5A3F7005963C3 /* Release */,
			);
			defaultConfigurationIsVisible = 0;
			defaultConfigurationName = Release;
		};
		48BBC6F81FA5A3F7005963C3 /* Build configuration list for PBXNativeTarget "GoalPost" */ = {
			isa = XCConfigurationList;
			buildConfigurations = (
				48BBC6F91FA5A3F7005963C3 /* Debug */,
				48BBC6FA1FA5A3F7005963C3 /* Release */,
			);
			defaultConfigurationIsVisible = 0;
			defaultConfigurationName = Release;
		};
/* End XCConfigurationList section */

/* Begin XCVersionGroup section */
		48BBC6ED1FA5A3F7005963C3 /* GoalPost.xcdatamodeld */ = {
			isa = XCVersionGroup;
			children = (
				48BBC6EE1FA5A3F7005963C3 /* GoalPost.xcdatamodel */,
			);
			currentVersion = 48BBC6EE1FA5A3F7005963C3 /* GoalPost.xcdatamodel */;
			path = GoalPost.xcdatamodeld;
			sourceTree = "<group>";
			versionGroupType = wrapper.xcdatamodel;
		};
/* End XCVersionGroup section */
	};
	rootObject = 48BBC6DB1FA5A3F7005963C3 /* Project object */;
}
